
Microsoft Visual Studio Solution File, Format Version 12.00
# Visual Studio 15
VisualStudioVersion = 15.0.26114.2
MinimumVisualStudioVersion = 10.0.40219.1
Project("{FAE04EC0-301F-11D3-BF4B-00C04F79EFBC}") = "Mustache", "src\Mustache\Mustache.csproj", "{371E94AB-0454-463D-BC3E-C3D29B28C62B}"
EndProject
Project("{2150E333-8FDC-42A3-9474-1A3956D46DE8}") = "src", "src", "{443510D0-8D9E-4485-8A8F-C4BD9E7D2BC6}"
EndProject
Project("{2150E333-8FDC-42A3-9474-1A3956D46DE8}") = "test", "test", "{FE853451-70EA-478B-BD92-5D215447CE0D}"
EndProject
Project("{FAE04EC0-301F-11D3-BF4B-00C04F79EFBC}") = "Mustache.Test", "test\Mustache.Test\Mustache.Test.csproj", "{387D8A93-49F6-4528-96EF-5DA845461BCC}"
EndProject
Project("{FAE04EC0-301F-11D3-BF4B-00C04F79EFBC}") = "Mustache.Benchmarks", "test\Mustache.Benchmarks\Mustache.Benchmarks.csproj", "{BA25C84F-5556-438B-B1A3-AE21A7B65939}"
EndProject
Global
	GlobalSection(SolutionConfigurationPlatforms) = preSolution
		Debug|Any CPU = Debug|Any CPU
		Release|Any CPU = Release|Any CPU
	EndGlobalSection
	GlobalSection(ProjectConfigurationPlatforms) = postSolution
		{371E94AB-0454-463D-BC3E-C3D29B28C62B}.Debug|Any CPU.ActiveCfg = Debug|Any CPU
		{371E94AB-0454-463D-BC3E-C3D29B28C62B}.Debug|Any CPU.Build.0 = Debug|Any CPU
		{371E94AB-0454-463D-BC3E-C3D29B28C62B}.Release|Any CPU.ActiveCfg = Release|Any CPU
		{371E94AB-0454-463D-BC3E-C3D29B28C62B}.Release|Any CPU.Build.0 = Release|Any CPU
		{387D8A93-49F6-4528-96EF-5DA845461BCC}.Debug|Any CPU.ActiveCfg = Debug|Any CPU
		{387D8A93-49F6-4528-96EF-5DA845461BCC}.Debug|Any CPU.Build.0 = Debug|Any CPU
		{387D8A93-49F6-4528-96EF-5DA845461BCC}.Release|Any CPU.ActiveCfg = Release|Any CPU
		{387D8A93-49F6-4528-96EF-5DA845461BCC}.Release|Any CPU.Build.0 = Release|Any CPU
		{BA25C84F-5556-438B-B1A3-AE21A7B65939}.Debug|Any CPU.ActiveCfg = Debug|Any CPU
		{BA25C84F-5556-438B-B1A3-AE21A7B65939}.Debug|Any CPU.Build.0 = Debug|Any CPU
		{BA25C84F-5556-438B-B1A3-AE21A7B65939}.Release|Any CPU.ActiveCfg = Release|Any CPU
		{BA25C84F-5556-438B-B1A3-AE21A7B65939}.Release|Any CPU.Build.0 = Release|Any CPU
	EndGlobalSection
	GlobalSection(SolutionProperties) = preSolution
		HideSolutionNode = FALSE
	EndGlobalSection
	GlobalSection(NestedProjects) = preSolution
		{371E94AB-0454-463D-BC3E-C3D29B28C62B} = {443510D0-8D9E-4485-8A8F-C4BD9E7D2BC6}
		{387D8A93-49F6-4528-96EF-5DA845461BCC} = {FE853451-70EA-478B-BD92-5D215447CE0D}
		{BA25C84F-5556-438B-B1A3-AE21A7B65939} = {FE853451-70EA-478B-BD92-5D215447CE0D}
	EndGlobalSection
	GlobalSection(TestCaseManagementSettings) = postSolution
		CategoryFile = mustache-sharp.vsmdi
	EndGlobalSection
EndGlobal
